
Microsoft Visual Studio Solution File, Format Version 12.00
# Visual Studio Version 17
VisualStudioVersion = 17.6.33829.357
MinimumVisualStudioVersion = 10.0.40219.1
Project("{FAE04EC0-301F-11D3-BF4B-00C04F79EFBC}") = "Reflection.Shell", "Reflection.Shell\Reflection.Shell.csproj", "{B535CA0E-AB9F-430D-861D-02A412E6F511}"
	ProjectSection(ProjectDependencies) = postProject
		{BA1CB555-2D93-444D-8B0F-B3D30052B2D1} = {BA1CB555-2D93-444D-8B0F-B3D30052B2D1}
		{C067AFE6-231A-4B00-873E-D3CE9EC8B189} = {C067AFE6-231A-4B00-873E-D3CE9EC8B189}
	EndProjectSection
EndProject
Project("{FAE04EC0-301F-11D3-BF4B-00C04F79EFBC}") = "Reflection.Presentation.Core", "Reflection.Presentation.Core\Reflection.Presentation.Core.csproj", "{D935B43B-2B5A-4611-B18B-5A414B2988CC}"
EndProject
Project("{FAE04EC0-301F-11D3-BF4B-00C04F79EFBC}") = "Reflection.Presentation.Windows", "Reflection.Presentation.Windows\Reflection.Presentation.Windows.csproj", "{DB77CEB1-1753-4A11-AB57-C0F33E081A96}"
EndProject
Project("{FAE04EC0-301F-11D3-BF4B-00C04F79EFBC}") = "Reflection.Extensions.Windows", "Reflection.Extensions.Windows\Reflection.Extensions.Windows.csproj", "{FFF2AF6A-3D70-4DE1-BC02-DCA004C78CA1}"
EndProject
Project("{FAE04EC0-301F-11D3-BF4B-00C04F79EFBC}") = "Reflection.Extensions", "Reflection.Extensions\Reflection.Extensions.csproj", "{42816BA4-DD90-43C7-84FE-62654C233279}"
EndProject
Project("{FAE04EC0-301F-11D3-BF4B-00C04F79EFBC}") = "Reflection.Presentation.DragAndDrop", "Reflection.Presentation.DragAndDrop\Reflection.Presentation.DragAndDrop.csproj", "{0AE1064B-E715-4130-BD8D-C077AABF7C1F}"
EndProject
Project("{FAE04EC0-301F-11D3-BF4B-00C04F79EFBC}") = "Reflection.Presentation.Common", "Reflection.Presentation.Common\Reflection.Presentation.Common.csproj", "{6DF4D8A5-4D74-431F-A0EC-4A005D309369}"
EndProject
Project("{FAE04EC0-301F-11D3-BF4B-00C04F79EFBC}") = "Reflection.Modules.Navigation", "Reflection.Modules.Navigation\Reflection.Modules.Navigation.csproj", "{DFA9EDFB-0CAA-4894-93E9-E0BD8320A21D}"
EndProject
Project("{FAE04EC0-301F-11D3-BF4B-00C04F79EFBC}") = "Reflection.Configuration", "Reflection.Configuration\Reflection.Configuration.csproj", "{7F19031F-89A3-4855-8D3D-BECEC49A7F93}"
EndProject
Project("{FAE04EC0-301F-11D3-BF4B-00C04F79EFBC}") = "Reflection.Presentation.Controls", "Reflection.Presentation.Controls\Reflection.Presentation.Controls.csproj", "{335F3DA6-115E-4419-AF06-64C13A00C24C}"
EndProject
Project("{FAE04EC0-301F-11D3-BF4B-00C04F79EFBC}") = "Reflection.Presentation.Widgets", "Reflection.Presentation.Widgets\Reflection.Presentation.Widgets.csproj", "{C9B88089-4BE7-451A-AB70-317749848178}"
EndProject
Project("{FAE04EC0-301F-11D3-BF4B-00C04F79EFBC}") = "Reflection.Presentation.Services", "Reflection.Presentation.Services\Reflection.Presentation.Services.csproj", "{116EDBFC-47ED-416F-9B79-62091F409DBE}"
EndProject
Project("{FAE04EC0-301F-11D3-BF4B-00C04F79EFBC}") = "Reflection.Modules.Administration", "Reflection.Modules.Administration\Reflection.Modules.Administration.csproj", "{FE101259-7AD2-46BE-BBCF-BFA5036C54E0}"
EndProject
Project("{FAE04EC0-301F-11D3-BF4B-00C04F79EFBC}") = "Reflection.WebServices.Gateway", "Reflection.WebServices.Gateway\Reflection.WebServices.Gateway.csproj", "{F1399938-0C11-4891-9134-ADFE6063692A}"
EndProject
Project("{FAE04EC0-301F-11D3-BF4B-00C04F79EFBC}") = "Reflection.Modules.CustomerRelation", "Reflection.Modules.CustomerRelation\Reflection.Modules.CustomerRelation.csproj", "{E8DD1C07-6804-49AC-BA7C-0D00675B5ECE}"
EndProject
Project("{FAE04EC0-301F-11D3-BF4B-00C04F79EFBC}") = "Reflection.BusinessEntity", "Reflection.BusinessEntity\Reflection.BusinessEntity.csproj", "{D9201BB3-DF3A-46AA-B0EC-8DC87966905C}"
EndProject
Project("{FAE04EC0-301F-11D3-BF4B-00C04F79EFBC}") = "Reflection.ReportingServices", "Reflection.ReportingServices\Reflection.ReportingServices.csproj", "{548CBDFA-684A-4E09-AC31-16D76D271B27}"
EndProject
Project("{FAE04EC0-301F-11D3-BF4B-00C04F79EFBC}") = "Reflection.Apps.Store", "Reflection.Apps.Store\Reflection.Apps.Store.csproj", "{72B011FC-A41D-4B15-BD9F-164A370797F9}"
EndProject
Project("{FAE04EC0-301F-11D3-BF4B-00C04F79EFBC}") = "Reflection.Modules.SCM", "Reflection.Modules.SCM\Reflection.Modules.SCM.csproj", "{91C8D6CC-ED84-4582-9B63-3FF06B6BC1BA}"
EndProject
Project("{FAE04EC0-301F-11D3-BF4B-00C04F79EFBC}") = "Reflection.Modules.Production", "Reflection.Modules.Production\Reflection.Modules.Production.csproj", "{C067AFE6-231A-4B00-873E-D3CE9EC8B189}"
EndProject
Project("{FAE04EC0-301F-11D3-BF4B-00C04F79EFBC}") = "Reflection.Modules.Finance", "Reflection.Modules.Finance\Reflection.Modules.Finance.csproj", "{7D198179-9115-445F-BA40-189137122B8F}"
EndProject
Project("{FAE04EC0-301F-11D3-BF4B-00C04F79EFBC}") = "Reflection.Modules.HRMS", "Reflection.Modules.HRMS\Reflection.Modules.HRMS.csproj", "{BA1CB555-2D93-444D-8B0F-B3D30052B2D1}"
EndProject
Project("{FAE04EC0-301F-11D3-BF4B-00C04F79EFBC}") = "Reflection.Modules.Settings", "Reflection.Modules.Settings\Reflection.Modules.Settings.csproj", "{A434F05E-0921-48A6-9551-17BC80129633}"
EndProject
Project("{FAE04EC0-301F-11D3-BF4B-00C04F79EFBC}") = "Reflection.Modules.QMS", "Reflection.Modules.QMS\Reflection.Modules.QMS.csproj", "{3372170D-5655-45DF-9BD2-188593C1B814}"
EndProject
Project("{FAE04EC0-301F-11D3-BF4B-00C04F79EFBC}") = "Reflection.Presentation.ViewModel", "Reflection.Presentation.ViewModel\Reflection.Presentation.ViewModel.csproj", "{3E1C002D-AAC5-40C2-BAFC-64EE767E38AB}"
EndProject
Project("{FAE04EC0-301F-11D3-BF4B-00C04F79EFBC}") = "Reflection.Presentation.Resources", "Reflection.Presentation.ResourcesData\Reflection.Presentation.Resources.csproj", "{34153654-A4B4-4EB5-A666-6F9BEB0C1778}"
EndProject
Project("{FAE04EC0-301F-11D3-BF4B-00C04F79EFBC}") = "Reflection.Modules.VMS", "Reflection.Modules.VMS\Reflection.Modules.VMS.csproj", "{F139EF50-9924-44F8-953A-6ED676F48A34}"
EndProject
Project("{FAE04EC0-301F-11D3-BF4B-00C04F79EFBC}") = "Reflection.Modules.PMS", "Reflection.Modules.PMS\Reflection.Modules.PMS.csproj", "{3651E269-64E4-4752-98A2-E218277819E0}"
EndProject
Project("{FAE04EC0-301F-11D3-BF4B-00C04F79EFBC}") = "Reflection.Modules.COM", "Reflection.Modules.COM\Reflection.Modules.COM.csproj", "{F9D8E86B-A017-43F7-9EBA-F01E6CAF6FFC}"
EndProject
Project("{FAE04EC0-301F-11D3-BF4B-00C04F79EFBC}") = "Reflection.Modules.SDM", "Reflection.Modules.SDM\Reflection.Modules.SDM.csproj", "{49480183-982A-494B-AB6E-C36765625562}"
EndProject
Project("{FAE04EC0-301F-11D3-BF4B-00C04F79EFBC}") = "Reflection.Modules.PMM", "Reflection.Modules.PMM\Reflection.Modules.PMM.csproj", "{2E72B52D-5196-4DF3-8A3A-853770379ED3}"
EndProject
Project("{FAE04EC0-301F-11D3-BF4B-00C04F79EFBC}") = "Reflection.Modules.FICO", "Reflection.Modules.FICO\Reflection.Modules.FICO.csproj", "{E853BB13-7BA0-4B11-BB27-043490A5165B}"
EndProject
Project("{FAE04EC0-301F-11D3-BF4B-00C04F79EFBC}") = "Reflection.Modules.PRO", "Reflection.Modules.PRO\Reflection.Modules.PRO.csproj", "{714F19AF-DEBD-4408-BE52-ADFEBE790EE3}"
EndProject
Project("{FAE04EC0-301F-11D3-BF4B-00C04F79EFBC}") = "Reflection.Modules.MM", "Reflection.Modules.MM\Reflection.Modules.MM.csproj", "{E31451A0-614B-4DF5-8143-A1977F3136C7}"
EndProject
Project("{FAE04EC0-301F-11D3-BF4B-00C04F79EFBC}") = "Reflection.Modules.PPC", "Reflection.Modules.PPC\Reflection.Modules.PPC.csproj", "{20AA709B-258E-43AD-9D73-2F8C5F93E976}"
EndProject
Project("{FAE04EC0-301F-11D3-BF4B-00C04F79EFBC}") = "Reflection.Modules.ADM", "Reflection.Modules.ADM\Reflection.Modules.ADM.csproj", "{A05F0BDD-6212-4138-9EC3-9937CC17F97D}"
EndProject
Project("{FAE04EC0-301F-11D3-BF4B-00C04F79EFBC}") = "Reflection.Modules.ENG", "Reflection.Modules.ENG\Reflection.Modules.ENG.csproj", "{39BB7958-17C5-4B5F-9F41-F6D60ABC43D3}"
EndProject
Project("{FAE04EC0-301F-11D3-BF4B-00C04F79EFBC}") = "Reflection.EF", "Reflection.EF\Reflection.EF.csproj", "{386A937D-06C9-4BFB-A711-0B57CA80B95B}"
EndProject
Project("{FAE04EC0-301F-11D3-BF4B-00C04F79EFBC}") = "Reflection.BusinessLogic", "Reflection.BusinessLogic\Reflection.BusinessLogic.csproj", "{832109C2-FE99-4E86-ABB9-69A99366D235}"
EndProject
Project("{FAE04EC0-301F-11D3-BF4B-00C04F79EFBC}") = "ReflectionServiceHost", "ReflectionServiceHost\ReflectionServiceHost.csproj", "{1FFA3FA2-85EA-470B-B00B-35F1F6808750}"
EndProject
Global
	GlobalSection(SolutionConfigurationPlatforms) = preSolution
		Debug|Any CPU = Debug|Any CPU
		Debug|ARM = Debug|ARM
		Debug|x64 = Debug|x64
		Debug|x86 = Debug|x86
		Release|Any CPU = Release|Any CPU
		Release|ARM = Release|ARM
		Release|x64 = Release|x64
		Release|x86 = Release|x86
	EndGlobalSection
	GlobalSection(ProjectConfigurationPlatforms) = postSolution
		{B535CA0E-AB9F-430D-861D-02A412E6F511}.Debug|Any CPU.ActiveCfg = Debug|Any CPU
		{B535CA0E-AB9F-430D-861D-02A412E6F511}.Debug|Any CPU.Build.0 = Debug|Any CPU
		{B535CA0E-AB9F-430D-861D-02A412E6F511}.Debug|ARM.ActiveCfg = Debug|Any CPU
		{B535CA0E-AB9F-430D-861D-02A412E6F511}.Debug|x64.ActiveCfg = Debug|Any CPU
		{B535CA0E-AB9F-430D-861D-02A412E6F511}.Debug|x86.ActiveCfg = Debug|Any CPU
		{B535CA0E-AB9F-430D-861D-02A412E6F511}.Release|Any CPU.ActiveCfg = Release|Any CPU
		{B535CA0E-AB9F-430D-861D-02A412E6F511}.Release|Any CPU.Build.0 = Release|Any CPU
		{B535CA0E-AB9F-430D-861D-02A412E6F511}.Release|ARM.ActiveCfg = Release|Any CPU
		{B535CA0E-AB9F-430D-861D-02A412E6F511}.Release|x64.ActiveCfg = Release|Any CPU
		{B535CA0E-AB9F-430D-861D-02A412E6F511}.Release|x86.ActiveCfg = Release|Any CPU
		{D935B43B-2B5A-4611-B18B-5A414B2988CC}.Debug|Any CPU.ActiveCfg = Debug|Any CPU
		{D935B43B-2B5A-4611-B18B-5A414B2988CC}.Debug|Any CPU.Build.0 = Debug|Any CPU
		{D935B43B-2B5A-4611-B18B-5A414B2988CC}.Debug|ARM.ActiveCfg = Debug|Any CPU
		{D935B43B-2B5A-4611-B18B-5A414B2988CC}.Debug|x64.ActiveCfg = Debug|Any CPU
		{D935B43B-2B5A-4611-B18B-5A414B2988CC}.Debug|x86.ActiveCfg = Debug|Any CPU
		{D935B43B-2B5A-4611-B18B-5A414B2988CC}.Release|Any CPU.ActiveCfg = Release|Any CPU
		{D935B43B-2B5A-4611-B18B-5A414B2988CC}.Release|Any CPU.Build.0 = Release|Any CPU
		{D935B43B-2B5A-4611-B18B-5A414B2988CC}.Release|ARM.ActiveCfg = Release|Any CPU
		{D935B43B-2B5A-4611-B18B-5A414B2988CC}.Release|x64.ActiveCfg = Release|Any CPU
		{D935B43B-2B5A-4611-B18B-5A414B2988CC}.Release|x86.ActiveCfg = Release|Any CPU
		{DB77CEB1-1753-4A11-AB57-C0F33E081A96}.Debug|Any CPU.ActiveCfg = Debug|Any CPU
		{DB77CEB1-1753-4A11-AB57-C0F33E081A96}.Debug|Any CPU.Build.0 = Debug|Any CPU
		{DB77CEB1-1753-4A11-AB57-C0F33E081A96}.Debug|ARM.ActiveCfg = Debug|Any CPU
		{DB77CEB1-1753-4A11-AB57-C0F33E081A96}.Debug|x64.ActiveCfg = Debug|Any CPU
		{DB77CEB1-1753-4A11-AB57-C0F33E081A96}.Debug|x86.ActiveCfg = Debug|Any CPU
		{DB77CEB1-1753-4A11-AB57-C0F33E081A96}.Release|Any CPU.ActiveCfg = Release|Any CPU
		{DB77CEB1-1753-4A11-AB57-C0F33E081A96}.Release|Any CPU.Build.0 = Release|Any CPU
		{DB77CEB1-1753-4A11-AB57-C0F33E081A96}.Release|ARM.ActiveCfg = Release|Any CPU
		{DB77CEB1-1753-4A11-AB57-C0F33E081A96}.Release|x64.ActiveCfg = Release|Any CPU
		{DB77CEB1-1753-4A11-AB57-C0F33E081A96}.Release|x86.ActiveCfg = Release|Any CPU
		{FFF2AF6A-3D70-4DE1-BC02-DCA004C78CA1}.Debug|Any CPU.ActiveCfg = Debug|Any CPU
		{FFF2AF6A-3D70-4DE1-BC02-DCA004C78CA1}.Debug|Any CPU.Build.0 = Debug|Any CPU
		{FFF2AF6A-3D70-4DE1-BC02-DCA004C78CA1}.Debug|ARM.ActiveCfg = Debug|Any CPU
		{FFF2AF6A-3D70-4DE1-BC02-DCA004C78CA1}.Debug|x64.ActiveCfg = Debug|Any CPU
		{FFF2AF6A-3D70-4DE1-BC02-DCA004C78CA1}.Debug|x86.ActiveCfg = Debug|Any CPU
		{FFF2AF6A-3D70-4DE1-BC02-DCA004C78CA1}.Release|Any CPU.ActiveCfg = Release|Any CPU
		{FFF2AF6A-3D70-4DE1-BC02-DCA004C78CA1}.Release|Any CPU.Build.0 = Release|Any CPU
		{FFF2AF6A-3D70-4DE1-BC02-DCA004C78CA1}.Release|ARM.ActiveCfg = Release|Any CPU
		{FFF2AF6A-3D70-4DE1-BC02-DCA004C78CA1}.Release|x64.ActiveCfg = Release|Any CPU
		{FFF2AF6A-3D70-4DE1-BC02-DCA004C78CA1}.Release|x86.ActiveCfg = Release|Any CPU
		{42816BA4-DD90-43C7-84FE-62654C233279}.Debug|Any CPU.ActiveCfg = Debug|Any CPU
		{42816BA4-DD90-43C7-84FE-62654C233279}.Debug|Any CPU.Build.0 = Debug|Any CPU
		{42816BA4-DD90-43C7-84FE-62654C233279}.Debug|ARM.ActiveCfg = Debug|Any CPU
		{42816BA4-DD90-43C7-84FE-62654C233279}.Debug|x64.ActiveCfg = Debug|Any CPU
		{42816BA4-DD90-43C7-84FE-62654C233279}.Debug|x86.ActiveCfg = Debug|Any CPU
		{42816BA4-DD90-43C7-84FE-62654C233279}.Release|Any CPU.ActiveCfg = Release|Any CPU
		{42816BA4-DD90-43C7-84FE-62654C233279}.Release|Any CPU.Build.0 = Release|Any CPU
		{42816BA4-DD90-43C7-84FE-62654C233279}.Release|ARM.ActiveCfg = Release|Any CPU
		{42816BA4-DD90-43C7-84FE-62654C233279}.Release|x64.ActiveCfg = Release|Any CPU
		{42816BA4-DD90-43C7-84FE-62654C233279}.Release|x86.ActiveCfg = Release|Any CPU
		{0AE1064B-E715-4130-BD8D-C077AABF7C1F}.Debug|Any CPU.ActiveCfg = Debug|Any CPU
		{0AE1064B-E715-4130-BD8D-C077AABF7C1F}.Debug|Any CPU.Build.0 = Debug|Any CPU
		{0AE1064B-E715-4130-BD8D-C077AABF7C1F}.Debug|ARM.ActiveCfg = Debug|Any CPU
		{0AE1064B-E715-4130-BD8D-C077AABF7C1F}.Debug|x64.ActiveCfg = Debug|Any CPU
		{0AE1064B-E715-4130-BD8D-C077AABF7C1F}.Debug|x86.ActiveCfg = Debug|Any CPU
		{0AE1064B-E715-4130-BD8D-C077AABF7C1F}.Release|Any CPU.ActiveCfg = Release|Any CPU
		{0AE1064B-E715-4130-BD8D-C077AABF7C1F}.Release|Any CPU.Build.0 = Release|Any CPU
		{0AE1064B-E715-4130-BD8D-C077AABF7C1F}.Release|ARM.ActiveCfg = Release|Any CPU
		{0AE1064B-E715-4130-BD8D-C077AABF7C1F}.Release|x64.ActiveCfg = Release|Any CPU
		{0AE1064B-E715-4130-BD8D-C077AABF7C1F}.Release|x86.ActiveCfg = Release|Any CPU
		{6DF4D8A5-4D74-431F-A0EC-4A005D309369}.Debug|Any CPU.ActiveCfg = Debug|Any CPU
		{6DF4D8A5-4D74-431F-A0EC-4A005D309369}.Debug|Any CPU.Build.0 = Debug|Any CPU
		{6DF4D8A5-4D74-431F-A0EC-4A005D309369}.Debug|ARM.ActiveCfg = Debug|Any CPU
		{6DF4D8A5-4D74-431F-A0EC-4A005D309369}.Debug|x64.ActiveCfg = Debug|Any CPU
		{6DF4D8A5-4D74-431F-A0EC-4A005D309369}.Debug|x86.ActiveCfg = Debug|Any CPU
		{6DF4D8A5-4D74-431F-A0EC-4A005D309369}.Release|Any CPU.ActiveCfg = Release|Any CPU
		{6DF4D8A5-4D74-431F-A0EC-4A005D309369}.Release|Any CPU.Build.0 = Release|Any CPU
		{6DF4D8A5-4D74-431F-A0EC-4A005D309369}.Release|ARM.ActiveCfg = Release|Any CPU
		{6DF4D8A5-4D74-431F-A0EC-4A005D309369}.Release|x64.ActiveCfg = Release|Any CPU
		{6DF4D8A5-4D74-431F-A0EC-4A005D309369}.Release|x86.ActiveCfg = Release|Any CPU
		{DFA9EDFB-0CAA-4894-93E9-E0BD8320A21D}.Debug|Any CPU.ActiveCfg = Debug|Any CPU
		{DFA9EDFB-0CAA-4894-93E9-E0BD8320A21D}.Debug|Any CPU.Build.0 = Debug|Any CPU
		{DFA9EDFB-0CAA-4894-93E9-E0BD8320A21D}.Debug|ARM.ActiveCfg = Debug|Any CPU
		{DFA9EDFB-0CAA-4894-93E9-E0BD8320A21D}.Debug|x64.ActiveCfg = Debug|Any CPU
		{DFA9EDFB-0CAA-4894-93E9-E0BD8320A21D}.Debug|x86.ActiveCfg = Debug|Any CPU
		{DFA9EDFB-0CAA-4894-93E9-E0BD8320A21D}.Release|Any CPU.ActiveCfg = Release|Any CPU
		{DFA9EDFB-0CAA-4894-93E9-E0BD8320A21D}.Release|Any CPU.Build.0 = Release|Any CPU
		{DFA9EDFB-0CAA-4894-93E9-E0BD8320A21D}.Release|ARM.ActiveCfg = Release|Any CPU
		{DFA9EDFB-0CAA-4894-93E9-E0BD8320A21D}.Release|x64.ActiveCfg = Release|Any CPU
		{DFA9EDFB-0CAA-4894-93E9-E0BD8320A21D}.Release|x86.ActiveCfg = Release|Any CPU
		{7F19031F-89A3-4855-8D3D-BECEC49A7F93}.Debug|Any CPU.ActiveCfg = Debug|Any CPU
		{7F19031F-89A3-4855-8D3D-BECEC49A7F93}.Debug|Any CPU.Build.0 = Debug|Any CPU
		{7F19031F-89A3-4855-8D3D-BECEC49A7F93}.Debug|ARM.ActiveCfg = Debug|Any CPU
		{7F19031F-89A3-4855-8D3D-BECEC49A7F93}.Debug|x64.ActiveCfg = Debug|Any CPU
		{7F19031F-89A3-4855-8D3D-BECEC49A7F93}.Debug|x86.ActiveCfg = Debug|Any CPU
		{7F19031F-89A3-4855-8D3D-BECEC49A7F93}.Release|Any CPU.ActiveCfg = Release|Any CPU
		{7F19031F-89A3-4855-8D3D-BECEC49A7F93}.Release|Any CPU.Build.0 = Release|Any CPU
		{7F19031F-89A3-4855-8D3D-BECEC49A7F93}.Release|ARM.ActiveCfg = Release|Any CPU
		{7F19031F-89A3-4855-8D3D-BECEC49A7F93}.Release|x64.ActiveCfg = Release|Any CPU
		{7F19031F-89A3-4855-8D3D-BECEC49A7F93}.Release|x86.ActiveCfg = Release|Any CPU
		{335F3DA6-115E-4419-AF06-64C13A00C24C}.Debug|Any CPU.ActiveCfg = Debug|Any CPU
		{335F3DA6-115E-4419-AF06-64C13A00C24C}.Debug|Any CPU.Build.0 = Debug|Any CPU
		{335F3DA6-115E-4419-AF06-64C13A00C24C}.Debug|ARM.ActiveCfg = Debug|Any CPU
		{335F3DA6-115E-4419-AF06-64C13A00C24C}.Debug|x64.ActiveCfg = Debug|Any CPU
		{335F3DA6-115E-4419-AF06-64C13A00C24C}.Debug|x86.ActiveCfg = Debug|Any CPU
		{335F3DA6-115E-4419-AF06-64C13A00C24C}.Release|Any CPU.ActiveCfg = Release|Any CPU
		{335F3DA6-115E-4419-AF06-64C13A00C24C}.Release|Any CPU.Build.0 = Release|Any CPU
		{335F3DA6-115E-4419-AF06-64C13A00C24C}.Release|ARM.ActiveCfg = Release|Any CPU
		{335F3DA6-115E-4419-AF06-64C13A00C24C}.Release|x64.ActiveCfg = Release|Any CPU
		{335F3DA6-115E-4419-AF06-64C13A00C24C}.Release|x86.ActiveCfg = Release|Any CPU
		{C9B88089-4BE7-451A-AB70-317749848178}.Debug|Any CPU.ActiveCfg = Debug|Any CPU
		{C9B88089-4BE7-451A-AB70-317749848178}.Debug|Any CPU.Build.0 = Debug|Any CPU
		{C9B88089-4BE7-451A-AB70-317749848178}.Debug|ARM.ActiveCfg = Debug|Any CPU
		{C9B88089-4BE7-451A-AB70-317749848178}.Debug|x64.ActiveCfg = Debug|Any CPU
		{C9B88089-4BE7-451A-AB70-317749848178}.Debug|x86.ActiveCfg = Debug|Any CPU
		{C9B88089-4BE7-451A-AB70-317749848178}.Release|Any CPU.ActiveCfg = Release|Any CPU
		{C9B88089-4BE7-451A-AB70-317749848178}.Release|Any CPU.Build.0 = Release|Any CPU
		{C9B88089-4BE7-451A-AB70-317749848178}.Release|ARM.ActiveCfg = Release|Any CPU
		{C9B88089-4BE7-451A-AB70-317749848178}.Release|x64.ActiveCfg = Release|Any CPU
		{C9B88089-4BE7-451A-AB70-317749848178}.Release|x86.ActiveCfg = Release|Any CPU
		{116EDBFC-47ED-416F-9B79-62091F409DBE}.Debug|Any CPU.ActiveCfg = Debug|Any CPU
		{116EDBFC-47ED-416F-9B79-62091F409DBE}.Debug|Any CPU.Build.0 = Debug|Any CPU
		{116EDBFC-47ED-416F-9B79-62091F409DBE}.Debug|ARM.ActiveCfg = Debug|Any CPU
		{116EDBFC-47ED-416F-9B79-62091F409DBE}.Debug|x64.ActiveCfg = Debug|Any CPU
		{116EDBFC-47ED-416F-9B79-62091F409DBE}.Debug|x86.ActiveCfg = Debug|Any CPU
		{116EDBFC-47ED-416F-9B79-62091F409DBE}.Release|Any CPU.ActiveCfg = Release|Any CPU
		{116EDBFC-47ED-416F-9B79-62091F409DBE}.Release|Any CPU.Build.0 = Release|Any CPU
		{116EDBFC-47ED-416F-9B79-62091F409DBE}.Release|ARM.ActiveCfg = Release|Any CPU
		{116EDBFC-47ED-416F-9B79-62091F409DBE}.Release|x64.ActiveCfg = Release|Any CPU
		{116EDBFC-47ED-416F-9B79-62091F409DBE}.Release|x86.ActiveCfg = Release|Any CPU
		{FE101259-7AD2-46BE-BBCF-BFA5036C54E0}.Debug|Any CPU.ActiveCfg = Debug|Any CPU
		{FE101259-7AD2-46BE-BBCF-BFA5036C54E0}.Debug|Any CPU.Build.0 = Debug|Any CPU
		{FE101259-7AD2-46BE-BBCF-BFA5036C54E0}.Debug|ARM.ActiveCfg = Debug|Any CPU
		{FE101259-7AD2-46BE-BBCF-BFA5036C54E0}.Debug|x64.ActiveCfg = Debug|Any CPU
		{FE101259-7AD2-46BE-BBCF-BFA5036C54E0}.Debug|x86.ActiveCfg = Debug|Any CPU
		{FE101259-7AD2-46BE-BBCF-BFA5036C54E0}.Release|Any CPU.ActiveCfg = Release|Any CPU
		{FE101259-7AD2-46BE-BBCF-BFA5036C54E0}.Release|Any CPU.Build.0 = Release|Any CPU
		{FE101259-7AD2-46BE-BBCF-BFA5036C54E0}.Release|ARM.ActiveCfg = Release|Any CPU
		{FE101259-7AD2-46BE-BBCF-BFA5036C54E0}.Release|x64.ActiveCfg = Release|Any CPU
		{FE101259-7AD2-46BE-BBCF-BFA5036C54E0}.Release|x86.ActiveCfg = Release|Any CPU
		{F1399938-0C11-4891-9134-ADFE6063692A}.Debug|Any CPU.ActiveCfg = Debug|Any CPU
		{F1399938-0C11-4891-9134-ADFE6063692A}.Debug|Any CPU.Build.0 = Debug|Any CPU
		{F1399938-0C11-4891-9134-ADFE6063692A}.Debug|ARM.ActiveCfg = Debug|Any CPU
		{F1399938-0C11-4891-9134-ADFE6063692A}.Debug|x64.ActiveCfg = Debug|Any CPU
		{F1399938-0C11-4891-9134-ADFE6063692A}.Debug|x86.ActiveCfg = Debug|Any CPU
		{F1399938-0C11-4891-9134-ADFE6063692A}.Release|Any CPU.ActiveCfg = Release|Any CPU
		{F1399938-0C11-4891-9134-ADFE6063692A}.Release|Any CPU.Build.0 = Release|Any CPU
		{F1399938-0C11-4891-9134-ADFE6063692A}.Release|ARM.ActiveCfg = Release|Any CPU
		{F1399938-0C11-4891-9134-ADFE6063692A}.Release|x64.ActiveCfg = Release|Any CPU
		{F1399938-0C11-4891-9134-ADFE6063692A}.Release|x86.ActiveCfg = Release|Any CPU
		{E8DD1C07-6804-49AC-BA7C-0D00675B5ECE}.Debug|Any CPU.ActiveCfg = Debug|Any CPU
		{E8DD1C07-6804-49AC-BA7C-0D00675B5ECE}.Debug|Any CPU.Build.0 = Debug|Any CPU
		{E8DD1C07-6804-49AC-BA7C-0D00675B5ECE}.Debug|ARM.ActiveCfg = Debug|Any CPU
		{E8DD1C07-6804-49AC-BA7C-0D00675B5ECE}.Debug|x64.ActiveCfg = Debug|Any CPU
		{E8DD1C07-6804-49AC-BA7C-0D00675B5ECE}.Debug|x86.ActiveCfg = Debug|Any CPU
		{E8DD1C07-6804-49AC-BA7C-0D00675B5ECE}.Release|Any CPU.ActiveCfg = Release|Any CPU
		{E8DD1C07-6804-49AC-BA7C-0D00675B5ECE}.Release|Any CPU.Build.0 = Release|Any CPU
		{E8DD1C07-6804-49AC-BA7C-0D00675B5ECE}.Release|ARM.ActiveCfg = Release|Any CPU
		{E8DD1C07-6804-49AC-BA7C-0D00675B5ECE}.Release|x64.ActiveCfg = Release|Any CPU
		{E8DD1C07-6804-49AC-BA7C-0D00675B5ECE}.Release|x86.ActiveCfg = Release|Any CPU
		{D9201BB3-DF3A-46AA-B0EC-8DC87966905C}.Debug|Any CPU.ActiveCfg = Debug|Any CPU
		{D9201BB3-DF3A-46AA-B0EC-8DC87966905C}.Debug|Any CPU.Build.0 = Debug|Any CPU
		{D9201BB3-DF3A-46AA-B0EC-8DC87966905C}.Debug|ARM.ActiveCfg = Debug|Any CPU
		{D9201BB3-DF3A-46AA-B0EC-8DC87966905C}.Debug|x64.ActiveCfg = Debug|Any CPU
		{D9201BB3-DF3A-46AA-B0EC-8DC87966905C}.Debug|x86.ActiveCfg = Debug|Any CPU
		{D9201BB3-DF3A-46AA-B0EC-8DC87966905C}.Release|Any CPU.ActiveCfg = Release|Any CPU
		{D9201BB3-DF3A-46AA-B0EC-8DC87966905C}.Release|Any CPU.Build.0 = Release|Any CPU
		{D9201BB3-DF3A-46AA-B0EC-8DC87966905C}.Release|ARM.ActiveCfg = Release|Any CPU
		{D9201BB3-DF3A-46AA-B0EC-8DC87966905C}.Release|x64.ActiveCfg = Release|Any CPU
		{D9201BB3-DF3A-46AA-B0EC-8DC87966905C}.Release|x86.ActiveCfg = Release|Any CPU
		{548CBDFA-684A-4E09-AC31-16D76D271B27}.Debug|Any CPU.ActiveCfg = Debug|Any CPU
		{548CBDFA-684A-4E09-AC31-16D76D271B27}.Debug|Any CPU.Build.0 = Debug|Any CPU
		{548CBDFA-684A-4E09-AC31-16D76D271B27}.Debug|ARM.ActiveCfg = Debug|Any CPU
		{548CBDFA-684A-4E09-AC31-16D76D271B27}.Debug|x64.ActiveCfg = Debug|Any CPU
		{548CBDFA-684A-4E09-AC31-16D76D271B27}.Debug|x86.ActiveCfg = Debug|Any CPU
		{548CBDFA-684A-4E09-AC31-16D76D271B27}.Release|Any CPU.ActiveCfg = Release|Any CPU
		{548CBDFA-684A-4E09-AC31-16D76D271B27}.Release|Any CPU.Build.0 = Release|Any CPU
		{548CBDFA-684A-4E09-AC31-16D76D271B27}.Release|ARM.ActiveCfg = Release|Any CPU
		{548CBDFA-684A-4E09-AC31-16D76D271B27}.Release|x64.ActiveCfg = Release|Any CPU
		{548CBDFA-684A-4E09-AC31-16D76D271B27}.Release|x86.ActiveCfg = Release|Any CPU
		{72B011FC-A41D-4B15-BD9F-164A370797F9}.Debug|Any CPU.ActiveCfg = Debug|Any CPU
		{72B011FC-A41D-4B15-BD9F-164A370797F9}.Debug|Any CPU.Build.0 = Debug|Any CPU
		{72B011FC-A41D-4B15-BD9F-164A370797F9}.Debug|ARM.ActiveCfg = Debug|Any CPU
		{72B011FC-A41D-4B15-BD9F-164A370797F9}.Debug|x64.ActiveCfg = Debug|Any CPU
		{72B011FC-A41D-4B15-BD9F-164A370797F9}.Debug|x86.ActiveCfg = Debug|Any CPU
		{72B011FC-A41D-4B15-BD9F-164A370797F9}.Release|Any CPU.ActiveCfg = Release|Any CPU
		{72B011FC-A41D-4B15-BD9F-164A370797F9}.Release|Any CPU.Build.0 = Release|Any CPU
		{72B011FC-A41D-4B15-BD9F-164A370797F9}.Release|ARM.ActiveCfg = Release|Any CPU
		{72B011FC-A41D-4B15-BD9F-164A370797F9}.Release|x64.ActiveCfg = Release|Any CPU
		{72B011FC-A41D-4B15-BD9F-164A370797F9}.Release|x86.ActiveCfg = Release|Any CPU
		{91C8D6CC-ED84-4582-9B63-3FF06B6BC1BA}.Debug|Any CPU.ActiveCfg = Debug|Any CPU
		{91C8D6CC-ED84-4582-9B63-3FF06B6BC1BA}.Debug|Any CPU.Build.0 = Debug|Any CPU
		{91C8D6CC-ED84-4582-9B63-3FF06B6BC1BA}.Debug|ARM.ActiveCfg = Debug|Any CPU
		{91C8D6CC-ED84-4582-9B63-3FF06B6BC1BA}.Debug|x64.ActiveCfg = Debug|Any CPU
		{91C8D6CC-ED84-4582-9B63-3FF06B6BC1BA}.Debug|x86.ActiveCfg = Debug|Any CPU
		{91C8D6CC-ED84-4582-9B63-3FF06B6BC1BA}.Release|Any CPU.ActiveCfg = Release|Any CPU
		{91C8D6CC-ED84-4582-9B63-3FF06B6BC1BA}.Release|Any CPU.Build.0 = Release|Any CPU
		{91C8D6CC-ED84-4582-9B63-3FF06B6BC1BA}.Release|ARM.ActiveCfg = Release|Any CPU
		{91C8D6CC-ED84-4582-9B63-3FF06B6BC1BA}.Release|x64.ActiveCfg = Release|Any CPU
		{91C8D6CC-ED84-4582-9B63-3FF06B6BC1BA}.Release|x86.ActiveCfg = Release|Any CPU
		{C067AFE6-231A-4B00-873E-D3CE9EC8B189}.Debug|Any CPU.ActiveCfg = Debug|Any CPU
		{C067AFE6-231A-4B00-873E-D3CE9EC8B189}.Debug|Any CPU.Build.0 = Debug|Any CPU
		{C067AFE6-231A-4B00-873E-D3CE9EC8B189}.Debug|ARM.ActiveCfg = Debug|Any CPU
		{C067AFE6-231A-4B00-873E-D3CE9EC8B189}.Debug|x64.ActiveCfg = Debug|Any CPU
		{C067AFE6-231A-4B00-873E-D3CE9EC8B189}.Debug|x86.ActiveCfg = Debug|Any CPU
		{C067AFE6-231A-4B00-873E-D3CE9EC8B189}.Release|Any CPU.ActiveCfg = Release|Any CPU
		{C067AFE6-231A-4B00-873E-D3CE9EC8B189}.Release|Any CPU.Build.0 = Release|Any CPU
		{C067AFE6-231A-4B00-873E-D3CE9EC8B189}.Release|ARM.ActiveCfg = Release|Any CPU
		{C067AFE6-231A-4B00-873E-D3CE9EC8B189}.Release|x64.ActiveCfg = Release|Any CPU
		{C067AFE6-231A-4B00-873E-D3CE9EC8B189}.Release|x86.ActiveCfg = Release|Any CPU
		{7D198179-9115-445F-BA40-189137122B8F}.Debug|Any CPU.ActiveCfg = Debug|Any CPU
		{7D198179-9115-445F-BA40-189137122B8F}.Debug|Any CPU.Build.0 = Debug|Any CPU
		{7D198179-9115-445F-BA40-189137122B8F}.Debug|ARM.ActiveCfg = Debug|Any CPU
		{7D198179-9115-445F-BA40-189137122B8F}.Debug|ARM.Build.0 = Debug|Any CPU
		{7D198179-9115-445F-BA40-189137122B8F}.Debug|x64.ActiveCfg = Debug|Any CPU
		{7D198179-9115-445F-BA40-189137122B8F}.Debug|x64.Build.0 = Debug|Any CPU
		{7D198179-9115-445F-BA40-189137122B8F}.Debug|x86.ActiveCfg = Debug|Any CPU
		{7D198179-9115-445F-BA40-189137122B8F}.Debug|x86.Build.0 = Debug|Any CPU
		{7D198179-9115-445F-BA40-189137122B8F}.Release|Any CPU.ActiveCfg = Release|Any CPU
		{7D198179-9115-445F-BA40-189137122B8F}.Release|Any CPU.Build.0 = Release|Any CPU
		{7D198179-9115-445F-BA40-189137122B8F}.Release|ARM.ActiveCfg = Release|Any CPU
		{7D198179-9115-445F-BA40-189137122B8F}.Release|ARM.Build.0 = Release|Any CPU
		{7D198179-9115-445F-BA40-189137122B8F}.Release|x64.ActiveCfg = Release|Any CPU
		{7D198179-9115-445F-BA40-189137122B8F}.Release|x64.Build.0 = Release|Any CPU
		{7D198179-9115-445F-BA40-189137122B8F}.Release|x86.ActiveCfg = Release|Any CPU
		{7D198179-9115-445F-BA40-189137122B8F}.Release|x86.Build.0 = Release|Any CPU
		{BA1CB555-2D93-444D-8B0F-B3D30052B2D1}.Debug|Any CPU.ActiveCfg = Debug|Any CPU
		{BA1CB555-2D93-444D-8B0F-B3D30052B2D1}.Debug|Any CPU.Build.0 = Debug|Any CPU
		{BA1CB555-2D93-444D-8B0F-B3D30052B2D1}.Debug|ARM.ActiveCfg = Debug|Any CPU
		{BA1CB555-2D93-444D-8B0F-B3D30052B2D1}.Debug|ARM.Build.0 = Debug|Any CPU
		{BA1CB555-2D93-444D-8B0F-B3D30052B2D1}.Debug|x64.ActiveCfg = Debug|Any CPU
		{BA1CB555-2D93-444D-8B0F-B3D30052B2D1}.Debug|x64.Build.0 = Debug|Any CPU
		{BA1CB555-2D93-444D-8B0F-B3D30052B2D1}.Debug|x86.ActiveCfg = Debug|Any CPU
		{BA1CB555-2D93-444D-8B0F-B3D30052B2D1}.Debug|x86.Build.0 = Debug|Any CPU
		{BA1CB555-2D93-444D-8B0F-B3D30052B2D1}.Release|Any CPU.ActiveCfg = Release|Any CPU
		{BA1CB555-2D93-444D-8B0F-B3D30052B2D1}.Release|Any CPU.Build.0 = Release|Any CPU
		{BA1CB555-2D93-444D-8B0F-B3D30052B2D1}.Release|ARM.ActiveCfg = Release|Any CPU
		{BA1CB555-2D93-444D-8B0F-B3D30052B2D1}.Release|ARM.Build.0 = Release|Any CPU
		{BA1CB555-2D93-444D-8B0F-B3D30052B2D1}.Release|x64.ActiveCfg = Release|Any CPU
		{BA1CB555-2D93-444D-8B0F-B3D30052B2D1}.Release|x64.Build.0 = Release|Any CPU
		{BA1CB555-2D93-444D-8B0F-B3D30052B2D1}.Release|x86.ActiveCfg = Release|Any CPU
		{BA1CB555-2D93-444D-8B0F-B3D30052B2D1}.Release|x86.Build.0 = Release|Any CPU
		{A434F05E-0921-48A6-9551-17BC80129633}.Debug|Any CPU.ActiveCfg = Debug|Any CPU
		{A434F05E-0921-48A6-9551-17BC80129633}.Debug|Any CPU.Build.0 = Debug|Any CPU
		{A434F05E-0921-48A6-9551-17BC80129633}.Debug|ARM.ActiveCfg = Debug|Any CPU
		{A434F05E-0921-48A6-9551-17BC80129633}.Debug|ARM.Build.0 = Debug|Any CPU
		{A434F05E-0921-48A6-9551-17BC80129633}.Debug|x64.ActiveCfg = Debug|Any CPU
		{A434F05E-0921-48A6-9551-17BC80129633}.Debug|x64.Build.0 = Debug|Any CPU
		{A434F05E-0921-48A6-9551-17BC80129633}.Debug|x86.ActiveCfg = Debug|Any CPU
		{A434F05E-0921-48A6-9551-17BC80129633}.Debug|x86.Build.0 = Debug|Any CPU
		{A434F05E-0921-48A6-9551-17BC80129633}.Release|Any CPU.ActiveCfg = Release|Any CPU
		{A434F05E-0921-48A6-9551-17BC80129633}.Release|Any CPU.Build.0 = Release|Any CPU
		{A434F05E-0921-48A6-9551-17BC80129633}.Release|ARM.ActiveCfg = Release|Any CPU
		{A434F05E-0921-48A6-9551-17BC80129633}.Release|ARM.Build.0 = Release|Any CPU
		{A434F05E-0921-48A6-9551-17BC80129633}.Release|x64.ActiveCfg = Release|Any CPU
		{A434F05E-0921-48A6-9551-17BC80129633}.Release|x64.Build.0 = Release|Any CPU
		{A434F05E-0921-48A6-9551-17BC80129633}.Release|x86.ActiveCfg = Release|Any CPU
		{A434F05E-0921-48A6-9551-17BC80129633}.Release|x86.Build.0 = Release|Any CPU
		{3372170D-5655-45DF-9BD2-188593C1B814}.Debug|Any CPU.ActiveCfg = Debug|Any CPU
		{3372170D-5655-45DF-9BD2-188593C1B814}.Debug|Any CPU.Build.0 = Debug|Any CPU
		{3372170D-5655-45DF-9BD2-188593C1B814}.Debug|ARM.ActiveCfg = Debug|Any CPU
		{3372170D-5655-45DF-9BD2-188593C1B814}.Debug|ARM.Build.0 = Debug|Any CPU
		{3372170D-5655-45DF-9BD2-188593C1B814}.Debug|x64.ActiveCfg = Debug|Any CPU
		{3372170D-5655-45DF-9BD2-188593C1B814}.Debug|x64.Build.0 = Debug|Any CPU
		{3372170D-5655-45DF-9BD2-188593C1B814}.Debug|x86.ActiveCfg = Debug|Any CPU
		{3372170D-5655-45DF-9BD2-188593C1B814}.Debug|x86.Build.0 = Debug|Any CPU
		{3372170D-5655-45DF-9BD2-188593C1B814}.Release|Any CPU.ActiveCfg = Release|Any CPU
		{3372170D-5655-45DF-9BD2-188593C1B814}.Release|Any CPU.Build.0 = Release|Any CPU
		{3372170D-5655-45DF-9BD2-188593C1B814}.Release|ARM.ActiveCfg = Release|Any CPU
		{3372170D-5655-45DF-9BD2-188593C1B814}.Release|ARM.Build.0 = Release|Any CPU
		{3372170D-5655-45DF-9BD2-188593C1B814}.Release|x64.ActiveCfg = Release|Any CPU
		{3372170D-5655-45DF-9BD2-188593C1B814}.Release|x64.Build.0 = Release|Any CPU
		{3372170D-5655-45DF-9BD2-188593C1B814}.Release|x86.ActiveCfg = Release|Any CPU
		{3372170D-5655-45DF-9BD2-188593C1B814}.Release|x86.Build.0 = Release|Any CPU
		{3E1C002D-AAC5-40C2-BAFC-64EE767E38AB}.Debug|Any CPU.ActiveCfg = Debug|Any CPU
		{3E1C002D-AAC5-40C2-BAFC-64EE767E38AB}.Debug|Any CPU.Build.0 = Debug|Any CPU
		{3E1C002D-AAC5-40C2-BAFC-64EE767E38AB}.Debug|ARM.ActiveCfg = Debug|Any CPU
		{3E1C002D-AAC5-40C2-BAFC-64EE767E38AB}.Debug|ARM.Build.0 = Debug|Any CPU
		{3E1C002D-AAC5-40C2-BAFC-64EE767E38AB}.Debug|x64.ActiveCfg = Debug|Any CPU
		{3E1C002D-AAC5-40C2-BAFC-64EE767E38AB}.Debug|x64.Build.0 = Debug|Any CPU
		{3E1C002D-AAC5-40C2-BAFC-64EE767E38AB}.Debug|x86.ActiveCfg = Debug|Any CPU
		{3E1C002D-AAC5-40C2-BAFC-64EE767E38AB}.Debug|x86.Build.0 = Debug|Any CPU
		{3E1C002D-AAC5-40C2-BAFC-64EE767E38AB}.Release|Any CPU.ActiveCfg = Release|Any CPU
		{3E1C002D-AAC5-40C2-BAFC-64EE767E38AB}.Release|Any CPU.Build.0 = Release|Any CPU
		{3E1C002D-AAC5-40C2-BAFC-64EE767E38AB}.Release|ARM.ActiveCfg = Release|Any CPU
		{3E1C002D-AAC5-40C2-BAFC-64EE767E38AB}.Release|ARM.Build.0 = Release|Any CPU
		{3E1C002D-AAC5-40C2-BAFC-64EE767E38AB}.Release|x64.ActiveCfg = Release|Any CPU
		{3E1C002D-AAC5-40C2-BAFC-64EE767E38AB}.Release|x64.Build.0 = Release|Any CPU
		{3E1C002D-AAC5-40C2-BAFC-64EE767E38AB}.Release|x86.ActiveCfg = Release|Any CPU
		{3E1C002D-AAC5-40C2-BAFC-64EE767E38AB}.Release|x86.Build.0 = Release|Any CPU
		{34153654-A4B4-4EB5-A666-6F9BEB0C1778}.Debug|Any CPU.ActiveCfg = Debug|Any CPU
		{34153654-A4B4-4EB5-A666-6F9BEB0C1778}.Debug|Any CPU.Build.0 = Debug|Any CPU
		{34153654-A4B4-4EB5-A666-6F9BEB0C1778}.Debug|ARM.ActiveCfg = Debug|Any CPU
		{34153654-A4B4-4EB5-A666-6F9BEB0C1778}.Debug|ARM.Build.0 = Debug|Any CPU
		{34153654-A4B4-4EB5-A666-6F9BEB0C1778}.Debug|x64.ActiveCfg = Debug|Any CPU
		{34153654-A4B4-4EB5-A666-6F9BEB0C1778}.Debug|x64.Build.0 = Debug|Any CPU
		{34153654-A4B4-4EB5-A666-6F9BEB0C1778}.Debug|x86.ActiveCfg = Debug|Any CPU
		{34153654-A4B4-4EB5-A666-6F9BEB0C1778}.Debug|x86.Build.0 = Debug|Any CPU
		{34153654-A4B4-4EB5-A666-6F9BEB0C1778}.Release|Any CPU.ActiveCfg = Release|Any CPU
		{34153654-A4B4-4EB5-A666-6F9BEB0C1778}.Release|Any CPU.Build.0 = Release|Any CPU
		{34153654-A4B4-4EB5-A666-6F9BEB0C1778}.Release|ARM.ActiveCfg = Release|Any CPU
		{34153654-A4B4-4EB5-A666-6F9BEB0C1778}.Release|ARM.Build.0 = Release|Any CPU
		{34153654-A4B4-4EB5-A666-6F9BEB0C1778}.Release|x64.ActiveCfg = Release|Any CPU
		{34153654-A4B4-4EB5-A666-6F9BEB0C1778}.Release|x64.Build.0 = Release|Any CPU
		{34153654-A4B4-4EB5-A666-6F9BEB0C1778}.Release|x86.ActiveCfg = Release|Any CPU
		{34153654-A4B4-4EB5-A666-6F9BEB0C1778}.Release|x86.Build.0 = Release|Any CPU
		{F139EF50-9924-44F8-953A-6ED676F48A34}.Debug|Any CPU.ActiveCfg = Debug|Any CPU
		{F139EF50-9924-44F8-953A-6ED676F48A34}.Debug|Any CPU.Build.0 = Debug|Any CPU
		{F139EF50-9924-44F8-953A-6ED676F48A34}.Debug|ARM.ActiveCfg = Debug|Any CPU
		{F139EF50-9924-44F8-953A-6ED676F48A34}.Debug|ARM.Build.0 = Debug|Any CPU
		{F139EF50-9924-44F8-953A-6ED676F48A34}.Debug|x64.ActiveCfg = Debug|Any CPU
		{F139EF50-9924-44F8-953A-6ED676F48A34}.Debug|x64.Build.0 = Debug|Any CPU
		{F139EF50-9924-44F8-953A-6ED676F48A34}.Debug|x86.ActiveCfg = Debug|Any CPU
		{F139EF50-9924-44F8-953A-6ED676F48A34}.Debug|x86.Build.0 = Debug|Any CPU
		{F139EF50-9924-44F8-953A-6ED676F48A34}.Release|Any CPU.ActiveCfg = Release|Any CPU
		{F139EF50-9924-44F8-953A-6ED676F48A34}.Release|Any CPU.Build.0 = Release|Any CPU
		{F139EF50-9924-44F8-953A-6ED676F48A34}.Release|ARM.ActiveCfg = Release|Any CPU
		{F139EF50-9924-44F8-953A-6ED676F48A34}.Release|ARM.Build.0 = Release|Any CPU
		{F139EF50-9924-44F8-953A-6ED676F48A34}.Release|x64.ActiveCfg = Release|Any CPU
		{F139EF50-9924-44F8-953A-6ED676F48A34}.Release|x64.Build.0 = Release|Any CPU
		{F139EF50-9924-44F8-953A-6ED676F48A34}.Release|x86.ActiveCfg = Release|Any CPU
		{F139EF50-9924-44F8-953A-6ED676F48A34}.Release|x86.Build.0 = Release|Any CPU
		{3651E269-64E4-4752-98A2-E218277819E0}.Debug|Any CPU.ActiveCfg = Debug|Any CPU
		{3651E269-64E4-4752-98A2-E218277819E0}.Debug|Any CPU.Build.0 = Debug|Any CPU
		{3651E269-64E4-4752-98A2-E218277819E0}.Debug|ARM.ActiveCfg = Debug|Any CPU
		{3651E269-64E4-4752-98A2-E218277819E0}.Debug|ARM.Build.0 = Debug|Any CPU
		{3651E269-64E4-4752-98A2-E218277819E0}.Debug|x64.ActiveCfg = Debug|Any CPU
		{3651E269-64E4-4752-98A2-E218277819E0}.Debug|x64.Build.0 = Debug|Any CPU
		{3651E269-64E4-4752-98A2-E218277819E0}.Debug|x86.ActiveCfg = Debug|Any CPU
		{3651E269-64E4-4752-98A2-E218277819E0}.Debug|x86.Build.0 = Debug|Any CPU
		{3651E269-64E4-4752-98A2-E218277819E0}.Release|Any CPU.ActiveCfg = Release|Any CPU
		{3651E269-64E4-4752-98A2-E218277819E0}.Release|Any CPU.Build.0 = Release|Any CPU
		{3651E269-64E4-4752-98A2-E218277819E0}.Release|ARM.ActiveCfg = Release|Any CPU
		{3651E269-64E4-4752-98A2-E218277819E0}.Release|ARM.Build.0 = Release|Any CPU
		{3651E269-64E4-4752-98A2-E218277819E0}.Release|x64.ActiveCfg = Release|Any CPU
		{3651E269-64E4-4752-98A2-E218277819E0}.Release|x64.Build.0 = Release|Any CPU
		{3651E269-64E4-4752-98A2-E218277819E0}.Release|x86.ActiveCfg = Release|Any CPU
		{3651E269-64E4-4752-98A2-E218277819E0}.Release|x86.Build.0 = Release|Any CPU
		{F9D8E86B-A017-43F7-9EBA-F01E6CAF6FFC}.Debug|Any CPU.ActiveCfg = Debug|Any CPU
		{F9D8E86B-A017-43F7-9EBA-F01E6CAF6FFC}.Debug|Any CPU.Build.0 = Debug|Any CPU
		{F9D8E86B-A017-43F7-9EBA-F01E6CAF6FFC}.Debug|ARM.ActiveCfg = Debug|Any CPU
		{F9D8E86B-A017-43F7-9EBA-F01E6CAF6FFC}.Debug|ARM.Build.0 = Debug|Any CPU
		{F9D8E86B-A017-43F7-9EBA-F01E6CAF6FFC}.Debug|x64.ActiveCfg = Debug|Any CPU
		{F9D8E86B-A017-43F7-9EBA-F01E6CAF6FFC}.Debug|x64.Build.0 = Debug|Any CPU
		{F9D8E86B-A017-43F7-9EBA-F01E6CAF6FFC}.Debug|x86.ActiveCfg = Debug|Any CPU
		{F9D8E86B-A017-43F7-9EBA-F01E6CAF6FFC}.Debug|x86.Build.0 = Debug|Any CPU
		{F9D8E86B-A017-43F7-9EBA-F01E6CAF6FFC}.Release|Any CPU.ActiveCfg = Release|Any CPU
		{F9D8E86B-A017-43F7-9EBA-F01E6CAF6FFC}.Release|Any CPU.Build.0 = Release|Any CPU
		{F9D8E86B-A017-43F7-9EBA-F01E6CAF6FFC}.Release|ARM.ActiveCfg = Release|Any CPU
		{F9D8E86B-A017-43F7-9EBA-F01E6CAF6FFC}.Release|ARM.Build.0 = Release|Any CPU
		{F9D8E86B-A017-43F7-9EBA-F01E6CAF6FFC}.Release|x64.ActiveCfg = Release|Any CPU
		{F9D8E86B-A017-43F7-9EBA-F01E6CAF6FFC}.Release|x64.Build.0 = Release|Any CPU
		{F9D8E86B-A017-43F7-9EBA-F01E6CAF6FFC}.Release|x86.ActiveCfg = Release|Any CPU
		{F9D8E86B-A017-43F7-9EBA-F01E6CAF6FFC}.Release|x86.Build.0 = Release|Any CPU
		{49480183-982A-494B-AB6E-C36765625562}.Debug|Any CPU.ActiveCfg = Debug|Any CPU
		{49480183-982A-494B-AB6E-C36765625562}.Debug|Any CPU.Build.0 = Debug|Any CPU
		{49480183-982A-494B-AB6E-C36765625562}.Debug|ARM.ActiveCfg = Debug|Any CPU
		{49480183-982A-494B-AB6E-C36765625562}.Debug|ARM.Build.0 = Debug|Any CPU
		{49480183-982A-494B-AB6E-C36765625562}.Debug|x64.ActiveCfg = Debug|Any CPU
		{49480183-982A-494B-AB6E-C36765625562}.Debug|x64.Build.0 = Debug|Any CPU
		{49480183-982A-494B-AB6E-C36765625562}.Debug|x86.ActiveCfg = Debug|Any CPU
		{49480183-982A-494B-AB6E-C36765625562}.Debug|x86.Build.0 = Debug|Any CPU
		{49480183-982A-494B-AB6E-C36765625562}.Release|Any CPU.ActiveCfg = Release|Any CPU
		{49480183-982A-494B-AB6E-C36765625562}.Release|Any CPU.Build.0 = Release|Any CPU
		{49480183-982A-494B-AB6E-C36765625562}.Release|ARM.ActiveCfg = Release|Any CPU
		{49480183-982A-494B-AB6E-C36765625562}.Release|ARM.Build.0 = Release|Any CPU
		{49480183-982A-494B-AB6E-C36765625562}.Release|x64.ActiveCfg = Release|Any CPU
		{49480183-982A-494B-AB6E-C36765625562}.Release|x64.Build.0 = Release|Any CPU
		{49480183-982A-494B-AB6E-C36765625562}.Release|x86.ActiveCfg = Release|Any CPU
		{49480183-982A-494B-AB6E-C36765625562}.Release|x86.Build.0 = Release|Any CPU
		{2E72B52D-5196-4DF3-8A3A-853770379ED3}.Debug|Any CPU.ActiveCfg = Debug|Any CPU
		{2E72B52D-5196-4DF3-8A3A-853770379ED3}.Debug|Any CPU.Build.0 = Debug|Any CPU
		{2E72B52D-5196-4DF3-8A3A-853770379ED3}.Debug|ARM.ActiveCfg = Debug|Any CPU
		{2E72B52D-5196-4DF3-8A3A-853770379ED3}.Debug|ARM.Build.0 = Debug|Any CPU
		{2E72B52D-5196-4DF3-8A3A-853770379ED3}.Debug|x64.ActiveCfg = Debug|Any CPU
		{2E72B52D-5196-4DF3-8A3A-853770379ED3}.Debug|x64.Build.0 = Debug|Any CPU
		{2E72B52D-5196-4DF3-8A3A-853770379ED3}.Debug|x86.ActiveCfg = Debug|Any CPU
		{2E72B52D-5196-4DF3-8A3A-853770379ED3}.Debug|x86.Build.0 = Debug|Any CPU
		{2E72B52D-5196-4DF3-8A3A-853770379ED3}.Release|Any CPU.ActiveCfg = Release|Any CPU
		{2E72B52D-5196-4DF3-8A3A-853770379ED3}.Release|Any CPU.Build.0 = Release|Any CPU
		{2E72B52D-5196-4DF3-8A3A-853770379ED3}.Release|ARM.ActiveCfg = Release|Any CPU
		{2E72B52D-5196-4DF3-8A3A-853770379ED3}.Release|ARM.Build.0 = Release|Any CPU
		{2E72B52D-5196-4DF3-8A3A-853770379ED3}.Release|x64.ActiveCfg = Release|Any CPU
		{2E72B52D-5196-4DF3-8A3A-853770379ED3}.Release|x64.Build.0 = Release|Any CPU
		{2E72B52D-5196-4DF3-8A3A-853770379ED3}.Release|x86.ActiveCfg = Release|Any CPU
		{2E72B52D-5196-4DF3-8A3A-853770379ED3}.Release|x86.Build.0 = Release|Any CPU
		{E853BB13-7BA0-4B11-BB27-043490A5165B}.Debug|Any CPU.ActiveCfg = Debug|Any CPU
		{E853BB13-7BA0-4B11-BB27-043490A5165B}.Debug|Any CPU.Build.0 = Debug|Any CPU
		{E853BB13-7BA0-4B11-BB27-043490A5165B}.Debug|ARM.ActiveCfg = Debug|Any CPU
		{E853BB13-7BA0-4B11-BB27-043490A5165B}.Debug|ARM.Build.0 = Debug|Any CPU
		{E853BB13-7BA0-4B11-BB27-043490A5165B}.Debug|x64.ActiveCfg = Debug|Any CPU
		{E853BB13-7BA0-4B11-BB27-043490A5165B}.Debug|x64.Build.0 = Debug|Any CPU
		{E853BB13-7BA0-4B11-BB27-043490A5165B}.Debug|x86.ActiveCfg = Debug|Any CPU
		{E853BB13-7BA0-4B11-BB27-043490A5165B}.Debug|x86.Build.0 = Debug|Any CPU
		{E853BB13-7BA0-4B11-BB27-043490A5165B}.Release|Any CPU.ActiveCfg = Release|Any CPU
		{E853BB13-7BA0-4B11-BB27-043490A5165B}.Release|Any CPU.Build.0 = Release|Any CPU
		{E853BB13-7BA0-4B11-BB27-043490A5165B}.Release|ARM.ActiveCfg = Release|Any CPU
		{E853BB13-7BA0-4B11-BB27-043490A5165B}.Release|ARM.Build.0 = Release|Any CPU
		{E853BB13-7BA0-4B11-BB27-043490A5165B}.Release|x64.ActiveCfg = Release|Any CPU
		{E853BB13-7BA0-4B11-BB27-043490A5165B}.Release|x64.Build.0 = Release|Any CPU
		{E853BB13-7BA0-4B11-BB27-043490A5165B}.Release|x86.ActiveCfg = Release|Any CPU
		{E853BB13-7BA0-4B11-BB27-043490A5165B}.Release|x86.Build.0 = Release|Any CPU
		{714F19AF-DEBD-4408-BE52-ADFEBE790EE3}.Debug|Any CPU.ActiveCfg = Debug|Any CPU
		{714F19AF-DEBD-4408-BE52-ADFEBE790EE3}.Debug|Any CPU.Build.0 = Debug|Any CPU
		{714F19AF-DEBD-4408-BE52-ADFEBE790EE3}.Debug|ARM.ActiveCfg = Debug|Any CPU
		{714F19AF-DEBD-4408-BE52-ADFEBE790EE3}.Debug|ARM.Build.0 = Debug|Any CPU
		{714F19AF-DEBD-4408-BE52-ADFEBE790EE3}.Debug|x64.ActiveCfg = Debug|Any CPU
		{714F19AF-DEBD-4408-BE52-ADFEBE790EE3}.Debug|x64.Build.0 = Debug|Any CPU
		{714F19AF-DEBD-4408-BE52-ADFEBE790EE3}.Debug|x86.ActiveCfg = Debug|Any CPU
		{714F19AF-DEBD-4408-BE52-ADFEBE790EE3}.Debug|x86.Build.0 = Debug|Any CPU
		{714F19AF-DEBD-4408-BE52-ADFEBE790EE3}.Release|Any CPU.ActiveCfg = Release|Any CPU
		{714F19AF-DEBD-4408-BE52-ADFEBE790EE3}.Release|Any CPU.Build.0 = Release|Any CPU
		{714F19AF-DEBD-4408-BE52-ADFEBE790EE3}.Release|ARM.ActiveCfg = Release|Any CPU
		{714F19AF-DEBD-4408-BE52-ADFEBE790EE3}.Release|ARM.Build.0 = Release|Any CPU
		{714F19AF-DEBD-4408-BE52-ADFEBE790EE3}.Release|x64.ActiveCfg = Release|Any CPU
		{714F19AF-DEBD-4408-BE52-ADFEBE790EE3}.Release|x64.Build.0 = Release|Any CPU
		{714F19AF-DEBD-4408-BE52-ADFEBE790EE3}.Release|x86.ActiveCfg = Release|Any CPU
		{714F19AF-DEBD-4408-BE52-ADFEBE790EE3}.Release|x86.Build.0 = Release|Any CPU
		{E31451A0-614B-4DF5-8143-A1977F3136C7}.Debug|Any CPU.ActiveCfg = Debug|Any CPU
		{E31451A0-614B-4DF5-8143-A1977F3136C7}.Debug|Any CPU.Build.0 = Debug|Any CPU
		{E31451A0-614B-4DF5-8143-A1977F3136C7}.Debug|ARM.ActiveCfg = Debug|Any CPU
		{E31451A0-614B-4DF5-8143-A1977F3136C7}.Debug|ARM.Build.0 = Debug|Any CPU
		{E31451A0-614B-4DF5-8143-A1977F3136C7}.Debug|x64.ActiveCfg = Debug|Any CPU
		{E31451A0-614B-4DF5-8143-A1977F3136C7}.Debug|x64.Build.0 = Debug|Any CPU
		{E31451A0-614B-4DF5-8143-A1977F3136C7}.Debug|x86.ActiveCfg = Debug|Any CPU
		{E31451A0-614B-4DF5-8143-A1977F3136C7}.Debug|x86.Build.0 = Debug|Any CPU
		{E31451A0-614B-4DF5-8143-A1977F3136C7}.Release|Any CPU.ActiveCfg = Release|Any CPU
		{E31451A0-614B-4DF5-8143-A1977F3136C7}.Release|Any CPU.Build.0 = Release|Any CPU
		{E31451A0-614B-4DF5-8143-A1977F3136C7}.Release|ARM.ActiveCfg = Release|Any CPU
		{E31451A0-614B-4DF5-8143-A1977F3136C7}.Release|ARM.Build.0 = Release|Any CPU
		{E31451A0-614B-4DF5-8143-A1977F3136C7}.Release|x64.ActiveCfg = Release|Any CPU
		{E31451A0-614B-4DF5-8143-A1977F3136C7}.Release|x64.Build.0 = Release|Any CPU
		{E31451A0-614B-4DF5-8143-A1977F3136C7}.Release|x86.ActiveCfg = Release|Any CPU
		{E31451A0-614B-4DF5-8143-A1977F3136C7}.Release|x86.Build.0 = Release|Any CPU
		{20AA709B-258E-43AD-9D73-2F8C5F93E976}.Debug|Any CPU.ActiveCfg = Debug|Any CPU
		{20AA709B-258E-43AD-9D73-2F8C5F93E976}.Debug|Any CPU.Build.0 = Debug|Any CPU
		{20AA709B-258E-43AD-9D73-2F8C5F93E976}.Debug|ARM.ActiveCfg = Debug|Any CPU
		{20AA709B-258E-43AD-9D73-2F8C5F93E976}.Debug|ARM.Build.0 = Debug|Any CPU
		{20AA709B-258E-43AD-9D73-2F8C5F93E976}.Debug|x64.ActiveCfg = Debug|Any CPU
		{20AA709B-258E-43AD-9D73-2F8C5F93E976}.Debug|x64.Build.0 = Debug|Any CPU
		{20AA709B-258E-43AD-9D73-2F8C5F93E976}.Debug|x86.ActiveCfg = Debug|Any CPU
		{20AA709B-258E-43AD-9D73-2F8C5F93E976}.Debug|x86.Build.0 = Debug|Any CPU
		{20AA709B-258E-43AD-9D73-2F8C5F93E976}.Release|Any CPU.ActiveCfg = Release|Any CPU
		{20AA709B-258E-43AD-9D73-2F8C5F93E976}.Release|Any CPU.Build.0 = Release|Any CPU
		{20AA709B-258E-43AD-9D73-2F8C5F93E976}.Release|ARM.ActiveCfg = Release|Any CPU
		{20AA709B-258E-43AD-9D73-2F8C5F93E976}.Release|ARM.Build.0 = Release|Any CPU
		{20AA709B-258E-43AD-9D73-2F8C5F93E976}.Release|x64.ActiveCfg = Release|Any CPU
		{20AA709B-258E-43AD-9D73-2F8C5F93E976}.Release|x64.Build.0 = Release|Any CPU
		{20AA709B-258E-43AD-9D73-2F8C5F93E976}.Release|x86.ActiveCfg = Release|Any CPU
		{20AA709B-258E-43AD-9D73-2F8C5F93E976}.Release|x86.Build.0 = Release|Any CPU
		{A05F0BDD-6212-4138-9EC3-9937CC17F97D}.Debug|Any CPU.ActiveCfg = Debug|Any CPU
		{A05F0BDD-6212-4138-9EC3-9937CC17F97D}.Debug|Any CPU.Build.0 = Debug|Any CPU
		{A05F0BDD-6212-4138-9EC3-9937CC17F97D}.Debug|ARM.ActiveCfg = Debug|Any CPU
		{A05F0BDD-6212-4138-9EC3-9937CC17F97D}.Debug|ARM.Build.0 = Debug|Any CPU
		{A05F0BDD-6212-4138-9EC3-9937CC17F97D}.Debug|x64.ActiveCfg = Debug|Any CPU
		{A05F0BDD-6212-4138-9EC3-9937CC17F97D}.Debug|x64.Build.0 = Debug|Any CPU
		{A05F0BDD-6212-4138-9EC3-9937CC17F97D}.Debug|x86.ActiveCfg = Debug|Any CPU
		{A05F0BDD-6212-4138-9EC3-9937CC17F97D}.Debug|x86.Build.0 = Debug|Any CPU
		{A05F0BDD-6212-4138-9EC3-9937CC17F97D}.Release|Any CPU.ActiveCfg = Release|Any CPU
		{A05F0BDD-6212-4138-9EC3-9937CC17F97D}.Release|Any CPU.Build.0 = Release|Any CPU
		{A05F0BDD-6212-4138-9EC3-9937CC17F97D}.Release|ARM.ActiveCfg = Release|Any CPU
		{A05F0BDD-6212-4138-9EC3-9937CC17F97D}.Release|ARM.Build.0 = Release|Any CPU
		{A05F0BDD-6212-4138-9EC3-9937CC17F97D}.Release|x64.ActiveCfg = Release|Any CPU
		{A05F0BDD-6212-4138-9EC3-9937CC17F97D}.Release|x64.Build.0 = Release|Any CPU
		{A05F0BDD-6212-4138-9EC3-9937CC17F97D}.Release|x86.ActiveCfg = Release|Any CPU
		{A05F0BDD-6212-4138-9EC3-9937CC17F97D}.Release|x86.Build.0 = Release|Any CPU
		{39BB7958-17C5-4B5F-9F41-F6D60ABC43D3}.Debug|Any CPU.ActiveCfg = Debug|Any CPU
		{39BB7958-17C5-4B5F-9F41-F6D60ABC43D3}.Debug|Any CPU.Build.0 = Debug|Any CPU
		{39BB7958-17C5-4B5F-9F41-F6D60ABC43D3}.Debug|ARM.ActiveCfg = Debug|Any CPU
		{39BB7958-17C5-4B5F-9F41-F6D60ABC43D3}.Debug|ARM.Build.0 = Debug|Any CPU
		{39BB7958-17C5-4B5F-9F41-F6D60ABC43D3}.Debug|x64.ActiveCfg = Debug|Any CPU
		{39BB7958-17C5-4B5F-9F41-F6D60ABC43D3}.Debug|x64.Build.0 = Debug|Any CPU
		{39BB7958-17C5-4B5F-9F41-F6D60ABC43D3}.Debug|x86.ActiveCfg = Debug|Any CPU
		{39BB7958-17C5-4B5F-9F41-F6D60ABC43D3}.Debug|x86.Build.0 = Debug|Any CPU
		{39BB7958-17C5-4B5F-9F41-F6D60ABC43D3}.Release|Any CPU.ActiveCfg = Release|Any CPU
		{39BB7958-17C5-4B5F-9F41-F6D60ABC43D3}.Release|Any CPU.Build.0 = Release|Any CPU
		{39BB7958-17C5-4B5F-9F41-F6D60ABC43D3}.Release|ARM.ActiveCfg = Release|Any CPU
		{39BB7958-17C5-4B5F-9F41-F6D60ABC43D3}.Release|ARM.Build.0 = Release|Any CPU
		{39BB7958-17C5-4B5F-9F41-F6D60ABC43D3}.Release|x64.ActiveCfg = Release|Any CPU
		{39BB7958-17C5-4B5F-9F41-F6D60ABC43D3}.Release|x64.Build.0 = Release|Any CPU
		{39BB7958-17C5-4B5F-9F41-F6D60ABC43D3}.Release|x86.ActiveCfg = Release|Any CPU
		{39BB7958-17C5-4B5F-9F41-F6D60ABC43D3}.Release|x86.Build.0 = Release|Any CPU
		{386A937D-06C9-4BFB-A711-0B57CA80B95B}.Debug|Any CPU.ActiveCfg = Debug|Any CPU
		{386A937D-06C9-4BFB-A711-0B57CA80B95B}.Debug|Any CPU.Build.0 = Debug|Any CPU
		{386A937D-06C9-4BFB-A711-0B57CA80B95B}.Debug|ARM.ActiveCfg = Debug|Any CPU
		{386A937D-06C9-4BFB-A711-0B57CA80B95B}.Debug|ARM.Build.0 = Debug|Any CPU
		{386A937D-06C9-4BFB-A711-0B57CA80B95B}.Debug|x64.ActiveCfg = Debug|Any CPU
		{386A937D-06C9-4BFB-A711-0B57CA80B95B}.Debug|x64.Build.0 = Debug|Any CPU
		{386A937D-06C9-4BFB-A711-0B57CA80B95B}.Debug|x86.ActiveCfg = Debug|Any CPU
		{386A937D-06C9-4BFB-A711-0B57CA80B95B}.Debug|x86.Build.0 = Debug|Any CPU
		{386A937D-06C9-4BFB-A711-0B57CA80B95B}.Release|Any CPU.ActiveCfg = Release|Any CPU
		{386A937D-06C9-4BFB-A711-0B57CA80B95B}.Release|Any CPU.Build.0 = Release|Any CPU
		{386A937D-06C9-4BFB-A711-0B57CA80B95B}.Release|ARM.ActiveCfg = Release|Any CPU
		{386A937D-06C9-4BFB-A711-0B57CA80B95B}.Release|ARM.Build.0 = Release|Any CPU
		{386A937D-06C9-4BFB-A711-0B57CA80B95B}.Release|x64.ActiveCfg = Release|Any CPU
		{386A937D-06C9-4BFB-A711-0B57CA80B95B}.Release|x64.Build.0 = Release|Any CPU
		{386A937D-06C9-4BFB-A711-0B57CA80B95B}.Release|x86.ActiveCfg = Release|Any CPU
		{386A937D-06C9-4BFB-A711-0B57CA80B95B}.Release|x86.Build.0 = Release|Any CPU
		{832109C2-FE99-4E86-ABB9-69A99366D235}.Debug|Any CPU.ActiveCfg = Debug|Any CPU
		{832109C2-FE99-4E86-ABB9-69A99366D235}.Debug|Any CPU.Build.0 = Debug|Any CPU
		{832109C2-FE99-4E86-ABB9-69A99366D235}.Debug|ARM.ActiveCfg = Debug|Any CPU
		{832109C2-FE99-4E86-ABB9-69A99366D235}.Debug|ARM.Build.0 = Debug|Any CPU
		{832109C2-FE99-4E86-ABB9-69A99366D235}.Debug|x64.ActiveCfg = Debug|Any CPU
		{832109C2-FE99-4E86-ABB9-69A99366D235}.Debug|x64.Build.0 = Debug|Any CPU
		{832109C2-FE99-4E86-ABB9-69A99366D235}.Debug|x86.ActiveCfg = Debug|Any CPU
		{832109C2-FE99-4E86-ABB9-69A99366D235}.Debug|x86.Build.0 = Debug|Any CPU
		{832109C2-FE99-4E86-ABB9-69A99366D235}.Release|Any CPU.ActiveCfg = Release|Any CPU
		{832109C2-FE99-4E86-ABB9-69A99366D235}.Release|Any CPU.Build.0 = Release|Any CPU
		{832109C2-FE99-4E86-ABB9-69A99366D235}.Release|ARM.ActiveCfg = Release|Any CPU
		{832109C2-FE99-4E86-ABB9-69A99366D235}.Release|ARM.Build.0 = Release|Any CPU
		{832109C2-FE99-4E86-ABB9-69A99366D235}.Release|x64.ActiveCfg = Release|Any CPU
		{832109C2-FE99-4E86-ABB9-69A99366D235}.Release|x64.Build.0 = Release|Any CPU
		{832109C2-FE99-4E86-ABB9-69A99366D235}.Release|x86.ActiveCfg = Release|Any CPU
		{832109C2-FE99-4E86-ABB9-69A99366D235}.Release|x86.Build.0 = Release|Any CPU
		{1FFA3FA2-85EA-470B-B00B-35F1F6808750}.Debug|Any CPU.ActiveCfg = Debug|Any CPU
		{1FFA3FA2-85EA-470B-B00B-35F1F6808750}.Debug|Any CPU.Build.0 = Debug|Any CPU
		{1FFA3FA2-85EA-470B-B00B-35F1F6808750}.Debug|ARM.ActiveCfg = Debug|Any CPU
		{1FFA3FA2-85EA-470B-B00B-35F1F6808750}.Debug|ARM.Build.0 = Debug|Any CPU
		{1FFA3FA2-85EA-470B-B00B-35F1F6808750}.Debug|x64.ActiveCfg = Debug|Any CPU
		{1FFA3FA2-85EA-470B-B00B-35F1F6808750}.Debug|x64.Build.0 = Debug|Any CPU
		{1FFA3FA2-85EA-470B-B00B-35F1F6808750}.Debug|x86.ActiveCfg = Debug|Any CPU
		{1FFA3FA2-85EA-470B-B00B-35F1F6808750}.Debug|x86.Build.0 = Debug|Any CPU
		{1FFA3FA2-85EA-470B-B00B-35F1F6808750}.Release|Any CPU.ActiveCfg = Release|Any CPU
		{1FFA3FA2-85EA-470B-B00B-35F1F6808750}.Release|Any CPU.Build.0 = Release|Any CPU
		{1FFA3FA2-85EA-470B-B00B-35F1F6808750}.Release|ARM.ActiveCfg = Release|Any CPU
		{1FFA3FA2-85EA-470B-B00B-35F1F6808750}.Release|ARM.Build.0 = Release|Any CPU
		{1FFA3FA2-85EA-470B-B00B-35F1F6808750}.Release|x64.ActiveCfg = Release|Any CPU
		{1FFA3FA2-85EA-470B-B00B-35F1F6808750}.Release|x64.Build.0 = Release|Any CPU
		{1FFA3FA2-85EA-470B-B00B-35F1F6808750}.Release|x86.ActiveCfg = Release|Any CPU
		{1FFA3FA2-85EA-470B-B00B-35F1F6808750}.Release|x86.Build.0 = Release|Any CPU
	EndGlobalSection
	GlobalSection(SolutionProperties) = preSolution
		HideSolutionNode = FALSE
	EndGlobalSection
	GlobalSection(ExtensibilityGlobals) = postSolution
		SolutionGuid = {1D42B30C-7B66-411E-B8C5-E138AD167553}
	EndGlobalSection
EndGlobal
